
Microsoft Visual Studio Solution File, Format Version 12.00
# Visual Studio Version 17
VisualStudioVersion = 17.2.32630.192
MinimumVisualStudioVersion = 10.0.40219.1
Project("{9A19103F-16F7-4668-BE54-9A1E7A4F7556}") = "Dynastio.Net", "Dynastio.Net\Dynastio.Net.csproj", "{9A117EC2-4704-46E8-AE07-CC1481F703A4}"
EndProject
Project("{FAE04EC0-301F-11D3-BF4B-00C04F79EFBC}") = "Console", "samples\Console\Console.csproj", "{7FCD46C8-0268-4FDC-8125-C67E3EC8D809}"
EndProject
Global
	GlobalSection(SolutionConfigurationPlatforms) = preSolution
		Debug|Any CPU = Debug|Any CPU
		Release|Any CPU = Release|Any CPU
	EndGlobalSection
	GlobalSection(ProjectConfigurationPlatforms) = postSolution
		{9A117EC2-4704-46E8-AE07-CC1481F703A4}.Debug|Any CPU.ActiveCfg = Debug|Any CPU
		{9A117EC2-4704-46E8-AE07-CC1481F703A4}.Debug|Any CPU.Build.0 = Debug|Any CPU
		{9A117EC2-4704-46E8-AE07-CC1481F703A4}.Release|Any CPU.ActiveCfg = Release|Any CPU
		{9A117EC2-4704-46E8-AE07-CC1481F703A4}.Release|Any CPU.Build.0 = Release|Any CPU
		{7FCD46C8-0268-4FDC-8125-C67E3EC8D809}.Debug|Any CPU.ActiveCfg = Debug|Any CPU
		{7FCD46C8-0268-4FDC-8125-C67E3EC8D809}.Debug|Any CPU.Build.0 = Debug|Any CPU
		{7FCD46C8-0268-4FDC-8125-C67E3EC8D809}.Release|Any CPU.ActiveCfg = Release|Any CPU
		{7FCD46C8-0268-4FDC-8125-C67E3EC8D809}.Release|Any CPU.Build.0 = Release|Any CPU
	EndGlobalSection
	GlobalSection(SolutionProperties) = preSolution
		HideSolutionNode = FALSE
	EndGlobalSection
	GlobalSection(NestedProjects) = preSolution
		{7FCD46C8-0268-4FDC-8125-C67E3EC8D809} = {B00BDDEA-B010-4489-95CE-60FE92D1AAD6}
	EndGlobalSection
	GlobalSection(ExtensibilityGlobals) = postSolution
		SolutionGuid = {DF6BF97E-0FE3-4381-B2F9-079AE48D5E28}
	EndGlobalSection
EndGlobal
